# THIS IS AN AUTOGENERATED FILE. DO NOT EDIT THIS FILE DIRECTLY.
# yarn lockfile v1


"@babel/runtime@^7.18.9":
  version "7.18.9"
  resolved "https://registry.npmmirror.com/@babel/runtime/-/runtime-7.18.9.tgz#b4fcfce55db3d2e5e080d2490f608a3b9f407f4a"
  integrity sha512-lkqXDcvlFT5rvEjiu6+QYO+1GXrEHRo2LOtS7E4GtX5ESIZOgepqsZBVIj6Pv+a6zqsya9VCgiK1KAK4BvJDAw==
  dependencies:
    regenerator-runtime "^0.13.4"

"@noble/hashes@1.1.2":
  version "1.1.2"
  resolved "https://registry.npmmirror.com/@noble/hashes/-/hashes-1.1.2.tgz#e9e035b9b166ca0af657a7848eb2718f0f22f183"
  integrity sha512-KYRCASVTv6aeUi1tsF8/vpyR7zpfs3FUzy2Jqm+MU+LmUKhQ0y2FpfwqkCcxSg2ua4GALJd8k2R76WxwZGbQpA==

"@noble/secp256k1@1.6.3":
  version "1.6.3"
  resolved "https://registry.npmmirror.com/@noble/secp256k1/-/secp256k1-1.6.3.tgz#7eed12d9f4404b416999d0c87686836c4c5c9b94"
  integrity sha512-T04e4iTurVy7I8Sw4+c5OSN9/RkPlo1uKxAomtxQNLq8j1uPAqnsqG1bqvY3Jv7c13gyr6dui0zmh/I3+f/JaQ==

"@polkadot/api-augment@9.1.1":
  version "9.1.1"
  resolved "https://registry.npmmirror.com/@polkadot/api-augment/-/api-augment-9.1.1.tgz#4d1bbcc2bdb056e199ed4a95c0218df052611632"
  integrity sha512-oPFLSV/+Z5fAdJB9ku0pNtnB5lK4wrK5vuY6r4Uh2Rkols9pv5a5naXZFSXD0+5+zUakW5Fceh9gjCb0mMvwYg==
  dependencies:
    "@babel/runtime" "^7.18.9"
    "@polkadot/api-base" "9.1.1"
    "@polkadot/rpc-augment" "9.1.1"
    "@polkadot/types" "9.1.1"
    "@polkadot/types-augment" "9.1.1"
    "@polkadot/types-codec" "9.1.1"
    "@polkadot/util" "^10.1.3"

"@polkadot/api-base@9.1.1":
  version "9.1.1"
  resolved "https://registry.npmmirror.com/@polkadot/api-base/-/api-base-9.1.1.tgz#1ccf09f2656ba3d9c5e4f799f43ffc36381e7e2f"
  integrity sha512-Dy/mdyUPMgZjUYOv/jSg5VrQpNmS+3qF496wSHpacRT3xNXMZDDLl8R+ldJjvBYvsLVry4FnZ1Ge5dLzrITfmw==
  dependencies:
    "@babel/runtime" "^7.18.9"
    "@polkadot/rpc-core" "9.1.1"
    "@polkadot/types" "9.1.1"
    "@polkadot/util" "^10.1.3"
    rxjs "^7.5.6"

"@polkadot/api-derive@9.1.1":
  version "9.1.1"
  resolved "https://registry.npmmirror.com/@polkadot/api-derive/-/api-derive-9.1.1.tgz#255bd11f8bb66dee64bbd4f2353b9c7b2120f24b"
  integrity sha512-ZWPZgmT/YiK0DhTel261iZ+bTA19C15UTOlaMwm/ZkAjA/7GGPnbiYChIFJvdvaTQx8lu9vlmqK5QdjmrYlvMg==
  dependencies:
    "@babel/runtime" "^7.18.9"
    "@polkadot/api" "9.1.1"
    "@polkadot/api-augment" "9.1.1"
    "@polkadot/api-base" "9.1.1"
    "@polkadot/rpc-core" "9.1.1"
    "@polkadot/types" "9.1.1"
    "@polkadot/types-codec" "9.1.1"
    "@polkadot/util" "^10.1.3"
    "@polkadot/util-crypto" "^10.1.3"
    rxjs "^7.5.6"

"@polkadot/api@9.1.1", "@polkadot/api@^9.1.1":
  version "9.1.1"
  resolved "https://registry.npmmirror.com/@polkadot/api/-/api-9.1.1.tgz#bf9c6cee56659f652d4d0402456c696c7ab2a2c1"
  integrity sha512-5iHHdwo0/WunE8JgLeTn9ic27D1vFIwuutvIcx1gw6jYo+ggBpUG5iSW6j6ZYY8/i2v3KDbjB5eCcdjjNYGeiA==
  dependencies:
    "@babel/runtime" "^7.18.9"
    "@polkadot/api-augment" "9.1.1"
    "@polkadot/api-base" "9.1.1"
    "@polkadot/api-derive" "9.1.1"
    "@polkadot/keyring" "^10.1.3"
    "@polkadot/rpc-augment" "9.1.1"
    "@polkadot/rpc-core" "9.1.1"
    "@polkadot/rpc-provider" "9.1.1"
    "@polkadot/types" "9.1.1"
    "@polkadot/types-augment" "9.1.1"
    "@polkadot/types-codec" "9.1.1"
    "@polkadot/types-create" "9.1.1"
    "@polkadot/types-known" "9.1.1"
    "@polkadot/util" "^10.1.3"
    "@polkadot/util-crypto" "^10.1.3"
    eventemitter3 "^4.0.7"
    rxjs "^7.5.6"

"@polkadot/keyring@^10.1.3":
  version "10.1.3"
  resolved "https://registry.npmmirror.com/@polkadot/keyring/-/keyring-10.1.3.tgz#a6eb65cd902fe12a30ed5c0bdddf61b52c8f5905"
  integrity sha512-juJLb+ovO2HHXSSNn4pBO8Gahz60vB1vk3pRHXjrt5elXEL5LxzaqygjB7oFmow68RChCPoRhw79U7G3Z6KhRw==
  dependencies:
    "@babel/runtime" "^7.18.9"
    "@polkadot/util" "10.1.3"
    "@polkadot/util-crypto" "10.1.3"

"@polkadot/networks@10.1.3", "@polkadot/networks@^10.1.3":
  version "10.1.3"
  resolved "https://registry.npmmirror.com/@polkadot/networks/-/networks-10.1.3.tgz#032aa0eadfe64463f95105d1c5c326fb67ae80fa"
  integrity sha512-ibHdnJ+w9iKYUjRF7W20yiC/bgJ7l3Dw93LeuDG8J16Z8IQhqwlNxeIZcwrsf7+UN2n1cwpiSaJj+Fwlw0wmZQ==
  dependencies:
    "@babel/runtime" "^7.18.9"
    "@polkadot/util" "10.1.3"
    "@substrate/ss58-registry" "^1.25.0"

"@polkadot/rpc-augment@9.1.1":
  version "9.1.1"
  resolved "https://registry.npmmirror.com/@polkadot/rpc-augment/-/rpc-augment-9.1.1.tgz#a2abdf8bb158417a26227838e4db66158cef70de"
  integrity sha512-hbT7XvK/BqDdt6NzFTHFebjimXCxN8g2VxRVgS0/xPCrZAwk3L9raLRptpEYN2/sAKsJlKykID4ATmWu3l1OUA==
  dependencies:
    "@babel/runtime" "^7.18.9"
    "@polkadot/rpc-core" "9.1.1"
    "@polkadot/types" "9.1.1"
    "@polkadot/types-codec" "9.1.1"
    "@polkadot/util" "^10.1.3"

"@polkadot/rpc-core@9.1.1":
  version "9.1.1"
  resolved "https://registry.npmmirror.com/@polkadot/rpc-core/-/rpc-core-9.1.1.tgz#edb2fe4443d1684534e1e6730ad60c72f00f43d2"
  integrity sha512-FMywgTTso8evroA2RTVzbg+4h2K4A25hgjidpj49UzJYFtSVpvhFMzPJhcYoo6C8rrFvwH1eDmCLsj6DM0LRKg==
  dependencies:
    "@babel/runtime" "^7.18.9"
    "@polkadot/rpc-augment" "9.1.1"
    "@polkadot/rpc-provider" "9.1.1"
    "@polkadot/types" "9.1.1"
    "@polkadot/util" "^10.1.3"
    rxjs "^7.5.6"

"@polkadot/rpc-provider@9.1.1":
  version "9.1.1"
  resolved "https://registry.npmmirror.com/@polkadot/rpc-provider/-/rpc-provider-9.1.1.tgz#f772e20587fa067d2c8dd3a732ac3d71fc73e2d6"
  integrity sha512-Xn/2ZeZDGnmvWK1VP9O610Hv5Ry6f5k9g200Q+2m/Aw+d9xw65EDuo3e/N/hB0NB+PKVp5KnTn0oDPFn0wxQgA==
  dependencies:
    "@babel/runtime" "^7.18.9"
    "@polkadot/keyring" "^10.1.3"
    "@polkadot/types" "9.1.1"
    "@polkadot/types-support" "9.1.1"
    "@polkadot/util" "^10.1.3"
    "@polkadot/util-crypto" "^10.1.3"
    "@polkadot/x-fetch" "^10.1.3"
    "@polkadot/x-global" "^10.1.3"
    "@polkadot/x-ws" "^10.1.3"
    "@substrate/connect" "0.7.10"
    eventemitter3 "^4.0.7"
    mock-socket "^9.1.5"
    nock "^13.2.9"

"@polkadot/types-augment@9.1.1":
  version "9.1.1"
  resolved "https://registry.npmmirror.com/@polkadot/types-augment/-/types-augment-9.1.1.tgz#b4c87ba3067e6339384d54bd54ef44ae33668d29"
  integrity sha512-Q5Ga0HORVehRhpeZEO6rckAPYpgUOp7Bu1qFH+eUbwOq3rQRlvYJJCUnBUsaHHNh1t7pUqmwMTEeCH90wrkH5g==
  dependencies:
    "@babel/runtime" "^7.18.9"
    "@polkadot/types" "9.1.1"
    "@polkadot/types-codec" "9.1.1"
    "@polkadot/util" "^10.1.3"

"@polkadot/types-codec@9.1.1":
  version "9.1.1"
  resolved "https://registry.npmmirror.com/@polkadot/types-codec/-/types-codec-9.1.1.tgz#79bf4de8f24e8f01346cdf4d6ec3d8a27f3d4103"
  integrity sha512-dxNGtdY8ENvfqMp72cUV2ddjbHdEPfBSNYkWW160FX8X1zm9NREuM7TpVimNNfZ5K16wsTLDSMvYp59VcGjkQQ==
  dependencies:
    "@babel/runtime" "^7.18.9"
    "@polkadot/util" "^10.1.3"
    "@polkadot/x-bigint" "^10.1.3"

"@polkadot/types-create@9.1.1":
  version "9.1.1"
  resolved "https://registry.npmmirror.com/@polkadot/types-create/-/types-create-9.1.1.tgz#4a34f63955f53b802bf0f0f98b08f92bc9d11d6e"
  integrity sha512-V8A/JQFU0ryz0KZqW0LAhW1fbtI5OvwZf5P9Q0iz2qansyyZkKQkMacDdV63g1XfphR2Nv/BhrHbZXgoNbTuhw==
  dependencies:
    "@babel/runtime" "^7.18.9"
    "@polkadot/types-codec" "9.1.1"
    "@polkadot/util" "^10.1.3"

"@polkadot/types-known@9.1.1":
  version "9.1.1"
  resolved "https://registry.npmmirror.com/@polkadot/types-known/-/types-known-9.1.1.tgz#6d8fd30e2ee1f91660dfdeb633c5e4b22644042c"
  integrity sha512-8iGeKfYsitEMeh4h9wm3W/2RZHnPomtyCZo1VSzNVi0xioDPK+gIjO/7oqT4JCnt6ET8MH4NuHWUWw4WXvixAQ==
  dependencies:
    "@babel/runtime" "^7.18.9"
    "@polkadot/networks" "^10.1.3"
    "@polkadot/types" "9.1.1"
    "@polkadot/types-codec" "9.1.1"
    "@polkadot/types-create" "9.1.1"
    "@polkadot/util" "^10.1.3"

"@polkadot/types-support@9.1.1":
  version "9.1.1"
  resolved "https://registry.npmmirror.com/@polkadot/types-support/-/types-support-9.1.1.tgz#b6818f57a28faf69ff82b0015b6cba06cdd21e79"
  integrity sha512-6zn0am9ywy9whsKgFYsGqu9JJjhpoU/kHNh9KtUpv1e3x9rTnpAuJh1tzeu5glV+3keBMa90r6uBfExXlsKq3A==
  dependencies:
    "@babel/runtime" "^7.18.9"
    "@polkadot/util" "^10.1.3"

"@polkadot/types@9.1.1":
  version "9.1.1"
  resolved "https://registry.npmmirror.com/@polkadot/types/-/types-9.1.1.tgz#491c364614adf06a419d5a4908865f565e798a74"
  integrity sha512-hEA8Pnc6ipHKUHxMS0gtjpYuus5y+yzE+t14VnSfRiqDtug3lj8SfAuaKpMuWytsJzwuP8GvzdsOHgu8zu0gzg==
  dependencies:
    "@babel/runtime" "^7.18.9"
    "@polkadot/keyring" "^10.1.3"
    "@polkadot/types-augment" "9.1.1"
    "@polkadot/types-codec" "9.1.1"
    "@polkadot/types-create" "9.1.1"
    "@polkadot/util" "^10.1.3"
    "@polkadot/util-crypto" "^10.1.3"
    rxjs "^7.5.6"

"@polkadot/util-crypto@10.1.3", "@polkadot/util-crypto@^10.1.3":
  version "10.1.3"
  resolved "https://registry.npmmirror.com/@polkadot/util-crypto/-/util-crypto-10.1.3.tgz#66c34473502d90510d0ec20d543f3e59dbd2fec9"
  integrity sha512-fh16MfsijRhntiXoUj3uXbaI4WE/BAqmswDXTSdxkTQpj4LpM8jdWM/OdWdep5VJ/YYe4bYPCsJw40Qo50mACA==
  dependencies:
    "@babel/runtime" "^7.18.9"
    "@noble/hashes" "1.1.2"
    "@noble/secp256k1" "1.6.3"
    "@polkadot/networks" "10.1.3"
    "@polkadot/util" "10.1.3"
    "@polkadot/wasm-crypto" "^6.3.1"
    "@polkadot/x-bigint" "10.1.3"
    "@polkadot/x-randomvalues" "10.1.3"
    "@scure/base" "1.1.1"
    ed2curve "^0.3.0"
    tweetnacl "^1.0.3"

"@polkadot/util@10.1.3", "@polkadot/util@^10.1.3":
  version "10.1.3"
  resolved "https://registry.npmmirror.com/@polkadot/util/-/util-10.1.3.tgz#8f2957afd89276dafe990a9fae2a90399cd3f19b"
  integrity sha512-/uHeY453O5jThalqVmo19FDt312SiHBPOzeIDlqFud9jniXilm5dCWEZ4yY3fjR5xGqxsy8wG8W5pgITvtyexg==
  dependencies:
    "@babel/runtime" "^7.18.9"
    "@polkadot/x-bigint" "10.1.3"
    "@polkadot/x-global" "10.1.3"
    "@polkadot/x-textdecoder" "10.1.3"
    "@polkadot/x-textencoder" "10.1.3"
    "@types/bn.js" "^5.1.0"
    bn.js "^5.2.1"

"@polkadot/wasm-bridge@6.3.1":
  version "6.3.1"
  resolved "https://registry.npmmirror.com/@polkadot/wasm-bridge/-/wasm-bridge-6.3.1.tgz#439fa78e80947a7cb695443e1f64b25c30bb1487"
  integrity sha512-1TYkHsb9AEFhU9uZj3biEnN2yKQNzdrwSjiTvfCYnt97pnEkKsZI6cku+YPZQv5w/x9CQa5Yua9e2DVVZSivGA==
  dependencies:
    "@babel/runtime" "^7.18.9"

"@polkadot/wasm-crypto-asmjs@6.3.1":
  version "6.3.1"
  resolved "https://registry.npmmirror.com/@polkadot/wasm-crypto-asmjs/-/wasm-crypto-asmjs-6.3.1.tgz#e8f469c9cf4a7709c8131a96f857291953f3e30a"
  integrity sha512-zbombRfA5v/mUWQQhgg2YwaxhRmxRIrvskw65x+lruax3b6xPBFDs7yplopiJU3r8h2pTgQvX/DUksvqz2TCRQ==
  dependencies:
    "@babel/runtime" "^7.18.9"

"@polkadot/wasm-crypto-init@6.3.1":
  version "6.3.1"
  resolved "https://registry.npmmirror.com/@polkadot/wasm-crypto-init/-/wasm-crypto-init-6.3.1.tgz#b590220c53c94b9a54d5dc236d0cbe943db76706"
  integrity sha512-9yaUBcu+snwjJLmPPGl3cyGRQ1afyFGm16qzTM0sgG/ZCfUlK4uk8KWZe+sBUKgoxb2oXY7Y4WklKgQI1YBdfw==
  dependencies:
    "@babel/runtime" "^7.18.9"
    "@polkadot/wasm-bridge" "6.3.1"
    "@polkadot/wasm-crypto-asmjs" "6.3.1"
    "@polkadot/wasm-crypto-wasm" "6.3.1"

"@polkadot/wasm-crypto-wasm@6.3.1":
  version "6.3.1"
  resolved "https://registry.npmmirror.com/@polkadot/wasm-crypto-wasm/-/wasm-crypto-wasm-6.3.1.tgz#67f720e7f9694fef096abe9d60abbac02e032383"
  integrity sha512-idSlzKGVzCfeCMRHsacRvqwojSaTadFxL/Dbls4z1thvfa3U9Ku0d2qVtlwg7Hj+tYWDiuP8Kygs+6bQwfs0XA==
  dependencies:
    "@babel/runtime" "^7.18.9"
    "@polkadot/wasm-util" "6.3.1"

"@polkadot/wasm-crypto@^6.3.1":
  version "6.3.1"
  resolved "https://registry.npmmirror.com/@polkadot/wasm-crypto/-/wasm-crypto-6.3.1.tgz#63f5798aca2b2ff0696f190e6862d9781d8f280c"
  integrity sha512-OO8h0qeVkqp4xYZaRVl4iuWOEtq282pNBHDKb6SOJuI2g59eWGcKh4EQU9Me2VP6qzojIqptrkrVt7KQXC68gA==
  dependencies:
    "@babel/runtime" "^7.18.9"
    "@polkadot/wasm-bridge" "6.3.1"
    "@polkadot/wasm-crypto-asmjs" "6.3.1"
    "@polkadot/wasm-crypto-init" "6.3.1"
    "@polkadot/wasm-crypto-wasm" "6.3.1"
    "@polkadot/wasm-util" "6.3.1"

"@polkadot/wasm-util@6.3.1":
  version "6.3.1"
  resolved "https://registry.npmmirror.com/@polkadot/wasm-util/-/wasm-util-6.3.1.tgz#439ebb68a436317af388ed6438b8f879df3afcda"
  integrity sha512-12oAv5J7Yoc9m6jixrSaQCxpOkWOyzHx3DMC8qmLjRiwdBWxqLmImOVRVnFsbaxqSbhBIHRuJphVxWE+GZETDg==
  dependencies:
    "@babel/runtime" "^7.18.9"

"@polkadot/x-bigint@10.1.3", "@polkadot/x-bigint@^10.1.3":
  version "10.1.3"
  resolved "https://registry.npmmirror.com/@polkadot/x-bigint/-/x-bigint-10.1.3.tgz#29fa05978c58fe8c2986fcccb37a09fc9dab86d6"
  integrity sha512-OVZhi44i/ry5cuKX+6WeMtn+SegisivKQfbE5XyZ9X0Cz+hmX4cbkhqmmSuFq3eWFfgDvZ3u3VjZoWbx/790Bg==
  dependencies:
    "@babel/runtime" "^7.18.9"
    "@polkadot/x-global" "10.1.3"

"@polkadot/x-fetch@^10.1.3":
  version "10.1.3"
  resolved "https://registry.npmmirror.com/@polkadot/x-fetch/-/x-fetch-10.1.3.tgz#55cb19b23f3de6ed6ec70758734d2a91eafd8496"
  integrity sha512-5Gf09q5qbMADUhdYwhajNBzM3U1ZyQVT0qR0jDhAVUdxHhf7BwEkMJTP8UFojY5z2v5Vap19lSb6999kS+xwJQ==
  dependencies:
    "@babel/runtime" "^7.18.9"
    "@polkadot/x-global" "10.1.3"
    "@types/node-fetch" "^2.6.2"
    node-fetch "^3.2.10"

"@polkadot/x-global@10.1.3", "@polkadot/x-global@^10.1.3":
  version "10.1.3"
  resolved "https://registry.npmmirror.com/@polkadot/x-global/-/x-global-10.1.3.tgz#c711ea11256faff10ce0e36d3d5f96d65c53a006"
  integrity sha512-+ff9n1ceyL/qOL0Tjxnw5c7U/b6wtUjzWSWlEWHr5ZHQfVqnkntsObgvkcL8+oXZAwNDf54Dz+LVOWlSkn4Dwg==
  dependencies:
    "@babel/runtime" "^7.18.9"

"@polkadot/x-randomvalues@10.1.3":
  version "10.1.3"
  resolved "https://registry.npmmirror.com/@polkadot/x-randomvalues/-/x-randomvalues-10.1.3.tgz#89b37ad93f4dcdc5c4bc61e00dbca2052f2742b9"
  integrity sha512-3AeYOWSXNVQdUQz/kIJyY3FGLZHoCB6hexMXoeJUw7gn3j3ifzsBW1gBHU10JyGQlMPtMD+UMJBxip1axsWVGw==
  dependencies:
    "@babel/runtime" "^7.18.9"
    "@polkadot/x-global" "10.1.3"

"@polkadot/x-textdecoder@10.1.3":
  version "10.1.3"
  resolved "https://registry.npmmirror.com/@polkadot/x-textdecoder/-/x-textdecoder-10.1.3.tgz#192f5b7277f024e7ed79de412950efc1aa9fe7b5"
  integrity sha512-/aD6vSl7jebBCuE5TYAfM+lxNDz7194Pg0Pi2WgaKg4M+lVZTFi8oNvx3POdGfqEVjct1x5YOijCKe5qddZpZw==
  dependencies:
    "@babel/runtime" "^7.18.9"
    "@polkadot/x-global" "10.1.3"

"@polkadot/x-textencoder@10.1.3":
  version "10.1.3"
  resolved "https://registry.npmmirror.com/@polkadot/x-textencoder/-/x-textencoder-10.1.3.tgz#c498a16a017b46e7b9c1cc8460a2c8bbe30c6a2e"
  integrity sha512-n2azXXs41pjLWw19UI4QExbWsp7/jq8b76Q30g++yYerw0UW/uYuc899QVCt+iPkOCKwEApd/iR32hmuMLM5+A==
  dependencies:
    "@babel/runtime" "^7.18.9"
    "@polkadot/x-global" "10.1.3"

"@polkadot/x-ws@^10.1.3":
  version "10.1.3"
  resolved "https://registry.npmmirror.com/@polkadot/x-ws/-/x-ws-10.1.3.tgz#3e518716378999b72ba648879ea1a975b7696324"
  integrity sha512-s+g0bd6/RCWvXnHA2QnlOJ8m6WRa2TT6r92zUcx1YatZToFgcI8UEGazQKdmJ7yOotPU+GgHab7fdgjzveKBpw==
  dependencies:
    "@babel/runtime" "^7.18.9"
    "@polkadot/x-global" "10.1.3"
    "@types/websocket" "^1.0.5"
    websocket "^1.0.34"

"@scure/base@1.1.1":
  version "1.1.1"
  resolved "https://registry.npmmirror.com/@scure/base/-/base-1.1.1.tgz#ebb651ee52ff84f420097055f4bf46cfba403938"
  integrity sha512-ZxOhsSyxYwLJj3pLZCefNitxsj093tb2vq90mp2txoYeBqbcjDjqFhyM8eUjq/uFm6zJ+mUuqxlS2FkuSY1MTA==

"@substrate/connect-extension-protocol@^1.0.1":
  version "1.0.1"
  resolved "https://registry.npmmirror.com/@substrate/connect-extension-protocol/-/connect-extension-protocol-1.0.1.tgz#fa5738039586c648013caa6a0c95c43265dbe77d"
  integrity sha512-161JhCC1csjH3GE5mPLEd7HbWtwNSPJBg3p1Ksz9SFlTzj/bgEwudiRN2y5i0MoLGCIJRYKyKGMxVnd29PzNjg==

"@substrate/connect@0.7.10":
  version "0.7.10"
  resolved "https://registry.npmmirror.com/@substrate/connect/-/connect-0.7.10.tgz#db49a62188cd830a8dc8848240e635da21f333ff"
  integrity sha512-WNdW18e0I696/AQjrAXdMD9W8YaKLTcPr2Cu8scSwiUT40in84KEzi+g+P367cE2etAc+Dvu8vNDEQTbUPNqEg==
  dependencies:
    "@substrate/connect-extension-protocol" "^1.0.1"
    "@substrate/smoldot-light" "0.6.27"
    eventemitter3 "^4.0.7"

"@substrate/smoldot-light@0.6.27":
  version "0.6.27"
  resolved "https://registry.npmmirror.com/@substrate/smoldot-light/-/smoldot-light-0.6.27.tgz#7e66ad4bfddce4168a6008f6be8c771c881ae585"
  integrity sha512-Wy3fbyfZqR3HLynuxeBkUunZsrbqpsmFN+D0/8cVIHZbO7WDwJsmCUc32yO5r+v6s/T97L7FOJHEyMWmRfnKAQ==
  dependencies:
    pako "^2.0.4"
    websocket "^1.0.32"

"@substrate/ss58-registry@^1.25.0":
  version "1.25.0"
  resolved "https://registry.npmmirror.com/@substrate/ss58-registry/-/ss58-registry-1.25.0.tgz#0fcd8c9c0e53963a88fbed41f2cbd8a1a5c74cde"
  integrity sha512-LmCH4QJRdHaeLsLTPSgJaXguMoIW+Ig9fA9LRPpeya9HefVAJ7gZuUYinldv+QmX7evNm5CL0rspNUS8l1DvXg==

"@types/bn.js@^5.1.0":
  version "5.1.0"
  resolved "https://registry.npmmirror.com/@types/bn.js/-/bn.js-5.1.0.tgz#32c5d271503a12653c62cf4d2b45e6eab8cebc68"
  integrity sha512-QSSVYj7pYFN49kW77o2s9xTCwZ8F2xLbjLLSEVh8D2F4JUhZtPAGOFLTD+ffqksBx/u4cE/KImFjyhqCjn/LIA==
  dependencies:
    "@types/node" "*"

"@types/node-fetch@^2.6.2":
  version "2.6.2"
  resolved "https://registry.npmmirror.com/@types/node-fetch/-/node-fetch-2.6.2.tgz#d1a9c5fd049d9415dce61571557104dec3ec81da"
  integrity sha512-DHqhlq5jeESLy19TYhLakJ07kNumXWjcDdxXsLUMJZ6ue8VZJj4kLPQVE/2mdHh3xZziNF1xppu5lwmS53HR+A==
  dependencies:
    "@types/node" "*"
    form-data "^3.0.0"

"@types/node@*":
  version "18.6.5"
  resolved "https://registry.npmmirror.com/@types/node/-/node-18.6.5.tgz#06caea822caf9e59d5034b695186ee74154d2802"
  integrity sha512-Xjt5ZGUa5WusGZJ4WJPbOT8QOqp6nDynVFRKcUt32bOgvXEoc6o085WNkYTMO7ifAj2isEfQQ2cseE+wT6jsRw==

"@types/websocket@^1.0.5":
  version "1.0.5"
  resolved "https://registry.npmmirror.com/@types/websocket/-/websocket-1.0.5.tgz#3fb80ed8e07f88e51961211cd3682a3a4a81569c"
  integrity sha512-NbsqiNX9CnEfC1Z0Vf4mE1SgAJ07JnRYcNex7AJ9zAVzmiGHmjKFEk7O4TJIsgv2B1sLEb6owKFZrACwdYngsQ==
  dependencies:
    "@types/node" "*"

asynckit@^0.4.0:
  version "0.4.0"
  resolved "https://registry.npmmirror.com/asynckit/-/asynckit-0.4.0.tgz#c79ed97f7f34cb8f2ba1bc9790bcc366474b4b79"
  integrity sha512-Oei9OH4tRh0YqU3GxhX79dM/mwVgvbZJaSNaRk+bshkj0S5cfHcgYakreBjrHwatXKbz+IoIdYLxrKim2MjW0Q==

bn.js@^5.2.1:
  version "5.2.1"
  resolved "https://registry.npmmirror.com/bn.js/-/bn.js-5.2.1.tgz#0bc527a6a0d18d0aa8d5b0538ce4a77dccfa7b70"
  integrity sha512-eXRvHzWyYPBuB4NBy0cmYQjGitUrtqwbvlzP3G6VFnNRbsZQIxQ10PbKKHt8gZ/HW/D/747aDl+QkDqg3KQLMQ==

bufferutil@^4.0.1:
  version "4.0.6"
  resolved "https://registry.npmmirror.com/bufferutil/-/bufferutil-4.0.6.tgz#ebd6c67c7922a0e902f053e5d8be5ec850e48433"
  integrity sha512-jduaYOYtnio4aIAyc6UbvPCVcgq7nYpVnucyxr6eCYg/Woad9Hf/oxxBRDnGGjPfjUm6j5O/uBWhIu4iLebFaw==
  dependencies:
    node-gyp-build "^4.3.0"

combined-stream@^1.0.8:
  version "1.0.8"
  resolved "https://registry.npmmirror.com/combined-stream/-/combined-stream-1.0.8.tgz#c3d45a8b34fd730631a110a8a2520682b31d5a7f"
  integrity sha512-FQN4MRfuJeHf7cBbBMJFXhKSDq+2kAArBlmRBvcvFE5BB1HZKXtSFASDhdlz9zOYwxh8lDdnvmMOe/+5cdoEdg==
  dependencies:
    delayed-stream "~1.0.0"

d@1, d@^1.0.1:
  version "1.0.1"
  resolved "https://registry.npmmirror.com/d/-/d-1.0.1.tgz#8698095372d58dbee346ffd0c7093f99f8f9eb5a"
  integrity sha512-m62ShEObQ39CfralilEQRjH6oAMtNCV1xJyEx5LpRYUVN+EviphDgUc/F3hnYbADmkiNs67Y+3ylmlG7Lnu+FA==
  dependencies:
    es5-ext "^0.10.50"
    type "^1.0.1"

data-uri-to-buffer@^4.0.0:
  version "4.0.0"
  resolved "https://registry.npmmirror.com/data-uri-to-buffer/-/data-uri-to-buffer-4.0.0.tgz#b5db46aea50f6176428ac05b73be39a57701a64b"
  integrity sha512-Vr3mLBA8qWmcuschSLAOogKgQ/Jwxulv3RNE4FXnYWRGujzrRWQI4m12fQqRkwX06C0KanhLr4hK+GydchZsaA==

debug@^2.2.0:
  version "2.6.9"
  resolved "https://registry.npmmirror.com/debug/-/debug-2.6.9.tgz#5d128515df134ff327e90a4c93f4e077a536341f"
  integrity sha512-bC7ElrdJaJnPbAP+1EotYvqZsb3ecl5wi6Bfi6BJTUcNowp6cvspg0jXznRTKDjm/E7AdgFBVeAPVMNcKGsHMA==
  dependencies:
    ms "2.0.0"

debug@^4.1.0:
  version "4.3.4"
  resolved "https://registry.npmmirror.com/debug/-/debug-4.3.4.tgz#1319f6579357f2338d3337d2cdd4914bb5dcc865"
  integrity sha512-PRWFHuSU3eDtQJPvnNY7Jcket1j0t5OuOsFzPPzsekD52Zl8qUfFIPEiswXqIvHWGVHOgX+7G/vCNNhehwxfkQ==
  dependencies:
    ms "2.1.2"

delayed-stream@~1.0.0:
  version "1.0.0"
  resolved "https://registry.npmmirror.com/delayed-stream/-/delayed-stream-1.0.0.tgz#df3ae199acadfb7d440aaae0b29e2272b24ec619"
  integrity sha512-ZySD7Nf91aLB0RxL4KGrKHBXl7Eds1DAmEdcoVawXnLD7SDhpNgtuII2aAkg7a7QS41jxPSZ17p4VdGnMHk3MQ==

ed2curve@^0.3.0:
  version "0.3.0"
  resolved "https://registry.npmmirror.com/ed2curve/-/ed2curve-0.3.0.tgz#322b575152a45305429d546b071823a93129a05d"
  integrity sha512-8w2fmmq3hv9rCrcI7g9hms2pMunQr1JINfcjwR9tAyZqhtyaMN991lF/ZfHfr5tzZQ8c7y7aBgZbjfbd0fjFwQ==
  dependencies:
    tweetnacl "1.x.x"

es5-ext@^0.10.35, es5-ext@^0.10.50:
  version "0.10.62"
  resolved "https://registry.npmmirror.com/es5-ext/-/es5-ext-0.10.62.tgz#5e6adc19a6da524bf3d1e02bbc8960e5eb49a9a5"
  integrity sha512-BHLqn0klhEpnOKSrzn/Xsz2UIW8j+cGmo9JLzr8BiUapV8hPL9+FliFqjwr9ngW7jWdnxv6eO+/LqyhJVqgrjA==
  dependencies:
    es6-iterator "^2.0.3"
    es6-symbol "^3.1.3"
    next-tick "^1.1.0"

es6-iterator@^2.0.3:
  version "2.0.3"
  resolved "https://registry.npmmirror.com/es6-iterator/-/es6-iterator-2.0.3.tgz#a7de889141a05a94b0854403b2d0a0fbfa98f3b7"
  integrity sha512-zw4SRzoUkd+cl+ZoE15A9o1oQd920Bb0iOJMQkQhl3jNc03YqVjAhG7scf9C5KWRU/R13Orf588uCC6525o02g==
  dependencies:
    d "1"
    es5-ext "^0.10.35"
    es6-symbol "^3.1.1"

es6-symbol@^3.1.1, es6-symbol@^3.1.3:
  version "3.1.3"
  resolved "https://registry.npmmirror.com/es6-symbol/-/es6-symbol-3.1.3.tgz#bad5d3c1bcdac28269f4cb331e431c78ac705d18"
  integrity sha512-NJ6Yn3FuDinBaBRWl/q5X/s4koRHBrgKAu+yGI6JCBeiu3qrcbJhwT2GeR/EXVfylRk8dpQVJoLEFhK+Mu31NA==
  dependencies:
    d "^1.0.1"
    ext "^1.1.2"

eventemitter3@^4.0.7:
  version "4.0.7"
  resolved "https://registry.npmmirror.com/eventemitter3/-/eventemitter3-4.0.7.tgz#2de9b68f6528d5644ef5c59526a1b4a07306169f"
  integrity sha512-8guHBZCwKnFhYdHr2ysuRWErTwhoN2X8XELRlrRwpmfeY2jjuUN4taQMsULKUVo1K4DvZl+0pgfyoysHxvmvEw==

ext@^1.1.2:
  version "1.6.0"
  resolved "https://registry.npmmirror.com/ext/-/ext-1.6.0.tgz#3871d50641e874cc172e2b53f919842d19db4c52"
  integrity sha512-sdBImtzkq2HpkdRLtlLWDa6w4DX22ijZLKx8BMPUuKe1c5lbN6xwQDQCxSfxBQnHZ13ls/FH0MQZx/q/gr6FQg==
  dependencies:
    type "^2.5.0"

fetch-blob@^3.1.2, fetch-blob@^3.1.4:
  version "3.2.0"
  resolved "https://registry.npmmirror.com/fetch-blob/-/fetch-blob-3.2.0.tgz#f09b8d4bbd45adc6f0c20b7e787e793e309dcce9"
  integrity sha512-7yAQpD2UMJzLi1Dqv7qFYnPbaPx7ZfFK6PiIxQ4PfkGPyNyl2Ugx+a/umUonmKqjhM4DnfbMvdX6otXq83soQQ==
  dependencies:
    node-domexception "^1.0.0"
    web-streams-polyfill "^3.0.3"

form-data@^3.0.0:
  version "3.0.1"
  resolved "https://registry.npmmirror.com/form-data/-/form-data-3.0.1.tgz#ebd53791b78356a99af9a300d4282c4d5eb9755f"
  integrity sha512-RHkBKtLWUVwd7SqRIvCZMEvAMoGUp0XU+seQiZejj0COz3RI3hWP4sCv3gZWWLjJTd7rGwcsF5eKZGii0r/hbg==
  dependencies:
    asynckit "^0.4.0"
    combined-stream "^1.0.8"
    mime-types "^2.1.12"

formdata-polyfill@^4.0.10:
  version "4.0.10"
  resolved "https://registry.npmmirror.com/formdata-polyfill/-/formdata-polyfill-4.0.10.tgz#24807c31c9d402e002ab3d8c720144ceb8848423"
  integrity sha512-buewHzMvYL29jdeQTVILecSaZKnt/RJWjoZCF5OW60Z67/GmSLBkOFM7qh1PI3zFNtJbaZL5eQu1vLfazOwj4g==
  dependencies:
    fetch-blob "^3.1.2"

is-typedarray@^1.0.0:
  version "1.0.0"
  resolved "https://registry.npmmirror.com/is-typedarray/-/is-typedarray-1.0.0.tgz#e479c80858df0c1b11ddda6940f96011fcda4a9a"
  integrity sha512-cyA56iCMHAh5CdzjJIa4aohJyeO1YbwLi3Jc35MmRU6poroFjIGZzUzupGiRPOjgHg9TLu43xbpwXk523fMxKA==

json-stringify-safe@^5.0.1:
  version "5.0.1"
  resolved "https://registry.npmmirror.com/json-stringify-safe/-/json-stringify-safe-5.0.1.tgz#1296a2d58fd45f19a0f6ce01d65701e2c735b6eb"
  integrity sha512-ZClg6AaYvamvYEE82d3Iyd3vSSIjQ+odgjaTzRuO3s7toCdFKczob2i0zCh7JE8kWn17yvAWhUVxvqGwUalsRA==

lodash@^4.17.21:
  version "4.17.21"
  resolved "https://registry.npmmirror.com/lodash/-/lodash-4.17.21.tgz#679591c564c3bffaae8454cf0b3df370c3d6911c"
  integrity sha512-v2kDEe57lecTulaDIuNTPy3Ry4gLGJ6Z1O3vE1krgXZNrsQ+LFTGHVxVjcXPs17LhbZVGedAJv8XZ1tvj5FvSg==

mime-db@1.52.0:
  version "1.52.0"
  resolved "https://registry.npmmirror.com/mime-db/-/mime-db-1.52.0.tgz#bbabcdc02859f4987301c856e3387ce5ec43bf70"
  integrity sha512-sPU4uV7dYlvtWJxwwxHD0PuihVNiE7TyAbQ5SWxDCB9mUYvOgroQOwYQQOKPJ8CIbE+1ETVlOoK1UC2nU3gYvg==

mime-types@^2.1.12:
  version "2.1.35"
  resolved "https://registry.npmmirror.com/mime-types/-/mime-types-2.1.35.tgz#381a871b62a734450660ae3deee44813f70d959a"
  integrity sha512-ZDY+bPm5zTTF+YpCrAU9nK0UgICYPT0QtT1NZWFv4s++TNkcgVaT0g6+4R2uI4MjQjzysHB1zxuWL50hzaeXiw==
  dependencies:
    mime-db "1.52.0"

mock-socket@^9.1.5:
  version "9.1.5"
  resolved "https://registry.npmmirror.com/mock-socket/-/mock-socket-9.1.5.tgz#2c4e44922ad556843b6dfe09d14ed8041fa2cdeb"
  integrity sha512-3DeNIcsQixWHHKk6NdoBhWI4t1VMj5/HzfnI1rE/pLl5qKx7+gd4DNA07ehTaZ6MoUU053si6Hd+YtiM/tQZfg==

ms@2.0.0:
  version "2.0.0"
  resolved "https://registry.npmmirror.com/ms/-/ms-2.0.0.tgz#5608aeadfc00be6c2901df5f9861788de0d597c8"
  integrity sha512-Tpp60P6IUJDTuOq/5Z8cdskzJujfwqfOTkrwIwj7IRISpnkJnT6SyJ4PCPnGMoFjC9ddhal5KVIYtAt97ix05A==

ms@2.1.2:
  version "2.1.2"
  resolved "https://registry.npmmirror.com/ms/-/ms-2.1.2.tgz#d09d1f357b443f493382a8eb3ccd183872ae6009"
  integrity sha512-sGkPx+VjMtmA6MX27oA4FBFELFCZZ4S4XqeGOXCv68tT+jb3vk/RyaKWP0PTKyWtmLSM0b+adUTEvbs1PEaH2w==

next-tick@^1.1.0:
  version "1.1.0"
  resolved "https://registry.npmmirror.com/next-tick/-/next-tick-1.1.0.tgz#1836ee30ad56d67ef281b22bd199f709449b35eb"
  integrity sha512-CXdUiJembsNjuToQvxayPZF9Vqht7hewsvy2sOWafLvi2awflj9mOC6bHIg50orX8IJvWKY9wYQ/zB2kogPslQ==

nock@^13.2.9:
  version "13.2.9"
  resolved "https://registry.npmmirror.com/nock/-/nock-13.2.9.tgz#4faf6c28175d36044da4cfa68e33e5a15086ad4c"
  integrity sha512-1+XfJNYF1cjGB+TKMWi29eZ0b82QOvQs2YoLNzbpWGqFMtRQHTa57osqdGj4FrFPgkO4D4AZinzUJR9VvW3QUA==
  dependencies:
    debug "^4.1.0"
    json-stringify-safe "^5.0.1"
    lodash "^4.17.21"
    propagate "^2.0.0"

node-domexception@^1.0.0:
  version "1.0.0"
  resolved "https://registry.npmmirror.com/node-domexception/-/node-domexception-1.0.0.tgz#6888db46a1f71c0b76b3f7555016b63fe64766e5"
  integrity sha512-/jKZoMpw0F8GRwl4/eLROPA3cfcXtLApP0QzLmUT/HuPCZWyB7IY9ZrMeKw2O/nFIqPQB3PVM9aYm0F312AXDQ==

node-fetch@^3.2.10:
  version "3.2.10"
  resolved "https://registry.npmmirror.com/node-fetch/-/node-fetch-3.2.10.tgz#e8347f94b54ae18b57c9c049ef641cef398a85c8"
  integrity sha512-MhuzNwdURnZ1Cp4XTazr69K0BTizsBroX7Zx3UgDSVcZYKF/6p0CBe4EUb/hLqmzVhl0UpYfgRljQ4yxE+iCxA==
  dependencies:
    data-uri-to-buffer "^4.0.0"
    fetch-blob "^3.1.4"
    formdata-polyfill "^4.0.10"

node-gyp-build@^4.3.0:
  version "4.5.0"
  resolved "https://registry.npmmirror.com/node-gyp-build/-/node-gyp-build-4.5.0.tgz#7a64eefa0b21112f89f58379da128ac177f20e40"
  integrity sha512-2iGbaQBV+ITgCz76ZEjmhUKAKVf7xfY1sRl4UiKQspfZMH2h06SyhNsnSVy50cwkFQDGLyif6m/6uFXHkOZ6rg==

pako@^2.0.4:
  version "2.0.4"
  resolved "https://registry.npmmirror.com/pako/-/pako-2.0.4.tgz#6cebc4bbb0b6c73b0d5b8d7e8476e2b2fbea576d"
  integrity sha512-v8tweI900AUkZN6heMU/4Uy4cXRc2AYNRggVmTR+dEncawDJgCdLMximOVA2p4qO57WMynangsfGRb5WD6L1Bg==

propagate@^2.0.0:
  version "2.0.1"
  resolved "https://registry.npmmirror.com/propagate/-/propagate-2.0.1.tgz#40cdedab18085c792334e64f0ac17256d38f9a45"
  integrity sha512-vGrhOavPSTz4QVNuBNdcNXePNdNMaO1xj9yBeH1ScQPjk/rhg9sSlCXPhMkFuaNNW/syTvYqsnbIJxMBfRbbag==

regenerator-runtime@^0.13.4:
  version "0.13.9"
  resolved "https://registry.npmmirror.com/regenerator-runtime/-/regenerator-runtime-0.13.9.tgz#8925742a98ffd90814988d7566ad30ca3b263b52"
  integrity sha512-p3VT+cOEgxFsRRA9X4lkI1E+k2/CtnKtU4gcxyaCUreilL/vqI6CdZ3wxVUx3UOUg+gnUOQQcRI7BmSI656MYA==

rxjs@^7.5.6:
  version "7.5.6"
  resolved "https://registry.npmmirror.com/rxjs/-/rxjs-7.5.6.tgz#0446577557862afd6903517ce7cae79ecb9662bc"
  integrity sha512-dnyv2/YsXhnm461G+R/Pe5bWP41Nm6LBXEYWI6eiFP4fiwx6WRI/CD0zbdVAudd9xwLEF2IDcKXLHit0FYjUzw==
  dependencies:
    tslib "^2.1.0"

tslib@^2.1.0:
  version "2.4.0"
  resolved "https://registry.npmmirror.com/tslib/-/tslib-2.4.0.tgz#7cecaa7f073ce680a05847aa77be941098f36dc3"
  integrity sha512-d6xOpEDfsi2CZVlPQzGeux8XMwLT9hssAsaPYExaQMuYskwb+x1x7J371tWlbBdWHroy99KnVB6qIkUbs5X3UQ==

tweetnacl@1.x.x, tweetnacl@^1.0.3:
  version "1.0.3"
  resolved "https://registry.npmmirror.com/tweetnacl/-/tweetnacl-1.0.3.tgz#ac0af71680458d8a6378d0d0d050ab1407d35596"
  integrity sha512-6rt+RN7aOi1nGMyC4Xa5DdYiukl2UWCbcJft7YhxReBGQD7OAM8Pbxw6YMo4r2diNEA8FEmu32YOn9rhaiE5yw==

type@^1.0.1:
  version "1.2.0"
  resolved "https://registry.npmmirror.com/type/-/type-1.2.0.tgz#848dd7698dafa3e54a6c479e759c4bc3f18847a0"
  integrity sha512-+5nt5AAniqsCnu2cEQQdpzCAh33kVx8n0VoFidKpB1dVVLAN/F+bgVOqOJqOnEnrhp222clB5p3vUlD+1QAnfg==

type@^2.5.0:
  version "2.7.2"
  resolved "https://registry.npmmirror.com/type/-/type-2.7.2.tgz#2376a15a3a28b1efa0f5350dcf72d24df6ef98d0"
  integrity sha512-dzlvlNlt6AXU7EBSfpAscydQ7gXB+pPGsPnfJnZpiNJBDj7IaJzQlBZYGdEi4R9HmPdBv2XmWJ6YUtoTa7lmCw==

typedarray-to-buffer@^3.1.5:
  version "3.1.5"
  resolved "https://registry.npmmirror.com/typedarray-to-buffer/-/typedarray-to-buffer-3.1.5.tgz#a97ee7a9ff42691b9f783ff1bc5112fe3fca9080"
  integrity sha512-zdu8XMNEDepKKR+XYOXAVPtWui0ly0NtohUscw+UmaHiAWT8hrV1rr//H6V+0DvJ3OQ19S979M0laLfX8rm82Q==
  dependencies:
    is-typedarray "^1.0.0"

utf-8-validate@^5.0.2:
  version "5.0.9"
  resolved "https://registry.npmmirror.com/utf-8-validate/-/utf-8-validate-5.0.9.tgz#ba16a822fbeedff1a58918f2a6a6b36387493ea3"
  integrity sha512-Yek7dAy0v3Kl0orwMlvi7TPtiCNrdfHNd7Gcc/pLq4BLXqfAmd0J7OWMizUQnTTJsyjKn02mU7anqwfmUP4J8Q==
  dependencies:
    node-gyp-build "^4.3.0"

web-streams-polyfill@^3.0.3:
  version "3.2.1"
  resolved "https://registry.npmmirror.com/web-streams-polyfill/-/web-streams-polyfill-3.2.1.tgz#71c2718c52b45fd49dbeee88634b3a60ceab42a6"
  integrity sha512-e0MO3wdXWKrLbL0DgGnUV7WHVuw9OUvL4hjgnPkIeEvESk74gAITi5G606JtZPp39cd8HA9VQzCIvA49LpPN5Q==

websocket@^1.0.32, websocket@^1.0.34:
  version "1.0.34"
  resolved "https://registry.npmmirror.com/websocket/-/websocket-1.0.34.tgz#2bdc2602c08bf2c82253b730655c0ef7dcab3111"
  integrity sha512-PRDso2sGwF6kM75QykIesBijKSVceR6jL2G8NGYyq2XrItNC2P5/qL5XeR056GhA+Ly7JMFvJb9I312mJfmqnQ==
  dependencies:
    bufferutil "^4.0.1"
    debug "^2.2.0"
    es5-ext "^0.10.50"
    typedarray-to-buffer "^3.1.5"
    utf-8-validate "^5.0.2"
    yaeti "^0.0.6"

yaeti@^0.0.6:
  version "0.0.6"
  resolved "https://registry.npmmirror.com/yaeti/-/yaeti-0.0.6.tgz#f26f484d72684cf42bedfb76970aa1608fbf9577"
  integrity sha512-MvQa//+KcZCUkBTIC9blM+CU9J2GzuTytsOUwf2lidtvkx/6gnEp1QvJv34t9vdjhFmha/mUiNDbN0D0mJWdug==
